
Microsoft Visual Studio Solution File, Format Version 12.00
# Visual Studio Version 17
VisualStudioVersion = 17.3.32819.101
MinimumVisualStudioVersion = 10.0.40219.1
Project("{FAE04EC0-301F-11D3-BF4B-00C04F79EFBC}") = "GenZBookRazorPages", "GenZBookRazorPages\GenZBookRazorPages.csproj", "{A6142054-CE21-4F65-BD09-4BDC87449FD5}"
EndProject
Global
	GlobalSection(SolutionConfigurationPlatforms) = preSolution
		Debug|Any CPU = Debug|Any CPU
		Release|Any CPU = Release|Any CPU
	EndGlobalSection
	GlobalSection(ProjectConfigurationPlatforms) = postSolution
		{A6142054-CE21-4F65-BD09-4BDC87449FD5}.Debug|Any CPU.ActiveCfg = Debug|Any CPU
		{A6142054-CE21-4F65-BD09-4BDC87449FD5}.Debug|Any CPU.Build.0 = Debug|Any CPU
		{A6142054-CE21-4F65-BD09-4BDC87449FD5}.Release|Any CPU.ActiveCfg = Release|Any CPU
		{A6142054-CE21-4F65-BD09-4BDC87449FD5}.Release|Any CPU.Build.0 = Release|Any CPU
	EndGlobalSection
	GlobalSection(SolutionProperties) = preSolution
		HideSolutionNode = FALSE
	EndGlobalSection
	GlobalSection(ExtensibilityGlobals) = postSolution
		SolutionGuid = {7C4801CA-A22D-4AED-A53B-4416FB93504B}
	EndGlobalSection
EndGlobal
